
Microsoft Visual Studio Solution File, Format Version 12.00
# Visual Studio 15
VisualStudioVersion = 15.0.27428.2037
MinimumVisualStudioVersion = 10.0.40219.1
Project("{9A19103F-16F7-4668-BE54-9A1E7A4F7556}") = "FlightRoutes", "ConsoleApp2\FlightRoutes.csproj", "{C0930AC6-1E94-4B1C-9609-220F67DC88A4}"
EndProject
Project("{FAE04EC0-301F-11D3-BF4B-00C04F79EFBC}") = "FlightDemos.Tests", "FlightDemos.Tests\FlightDemos.Tests.csproj", "{80AAD696-3DE0-428D-91DE-0226A57AAFD2}"
EndProject
Global
	GlobalSection(SolutionConfigurationPlatforms) = preSolution
		Debug|Any CPU = Debug|Any CPU
		Release|Any CPU = Release|Any CPU
	EndGlobalSection
	GlobalSection(ProjectConfigurationPlatforms) = postSolution
		{C0930AC6-1E94-4B1C-9609-220F67DC88A4}.Debug|Any CPU.ActiveCfg = Debug|Any CPU
		{C0930AC6-1E94-4B1C-9609-220F67DC88A4}.Debug|Any CPU.Build.0 = Debug|Any CPU
		{C0930AC6-1E94-4B1C-9609-220F67DC88A4}.Release|Any CPU.ActiveCfg = Release|Any CPU
		{C0930AC6-1E94-4B1C-9609-220F67DC88A4}.Release|Any CPU.Build.0 = Release|Any CPU
		{80AAD696-3DE0-428D-91DE-0226A57AAFD2}.Debug|Any CPU.ActiveCfg = Debug|Any CPU
		{80AAD696-3DE0-428D-91DE-0226A57AAFD2}.Debug|Any CPU.Build.0 = Debug|Any CPU
		{80AAD696-3DE0-428D-91DE-0226A57AAFD2}.Release|Any CPU.ActiveCfg = Release|Any CPU
		{80AAD696-3DE0-428D-91DE-0226A57AAFD2}.Release|Any CPU.Build.0 = Release|Any CPU
	EndGlobalSection
	GlobalSection(SolutionProperties) = preSolution
		HideSolutionNode = FALSE
	EndGlobalSection
	GlobalSection(ExtensibilityGlobals) = postSolution
		SolutionGuid = {A17B88CB-9F06-435C-94DD-FCB1D06DA901}
	EndGlobalSection
EndGlobal
